<Solution>
  <Configurations>
    <Platform Name="x64" />
    <Platform Name="x86" />
  </Configurations>
  <Folder Name="/Solution Items/">
    <File Path="../../../Downloads/studentai10000.txt" />
    <File Path="../../../Downloads/studentai100000.txt" />
    <File Path="../../../Downloads/studentai1000000.txt" />
  </Folder>
  <Project Path="Deque/Deque.vcxproj" Id="2ab459b6-1fb9-4781-a484-6cd05b347ead" />
  <Project Path="List/List.vcxproj" Id="dd483c90-63d1-4d31-84f0-0df533b63566" />
  <Project Path="metodu_test/metodu_test.vcxproj" Id="afc8f0f0-fbda-4b65-afc0-6d6413de0d1c" />
  <Project Path="unit_test/unit_test.vcxproj" Id="1b4d8f49-462d-4738-92b5-64a8bbb7fe71" />
  <Project Path="Uzd2.vcxproj" Id="90d86dd9-0ed0-48c8-82fb-9c9d9e5ea8c3" />
  <Project Path="Vector/Vector.vcxproj" Id="7b3f7a6f-0904-4fd3-a5a9-bc17640a008b" />
</Solution>
